// !$*UTF8*$!
{
	archiveVersion = 1;
	classes = {
	};
	objectVersion = 46;
	objects = {

/* Begin PBXAggregateTarget section */
		E0C6917218CDE822007D169B /* Mogenerator */ = {
			isa = PBXAggregateTarget;
			buildConfigurationList = E0C6917318CDE822007D169B /* Build configuration list for PBXAggregateTarget "Mogenerator" */;
			buildPhases = (
				E0C6917618CDE834007D169B /* Mogenerator */,
			);
			dependencies = (
			);
			name = Mogenerator;
			productName = Mogenerator;
		};
/* End PBXAggregateTarget section */

/* Begin PBXBuildFile section */
		24A2F35D0F3D43BDB175EE43 /* libPods.a in Frameworks */ = {isa = PBXBuildFile; fileRef = A510DA95D0084E25AE476382 /* libPods.a */; };
		E0712A4D18CDE8A300C5488F /* _CurrentWeather.m in Sources */ = {isa = PBXBuildFile; fileRef = E0712A4A18CDE8A300C5488F /* _CurrentWeather.m */; };
		E0712A4E18CDE8A300C5488F /* _WeatherForecast.m in Sources */ = {isa = PBXBuildFile; fileRef = E0712A4C18CDE8A300C5488F /* _WeatherForecast.m */; };
		E0712A5318CDE8AE00C5488F /* CurrentWeather.m in Sources */ = {isa = PBXBuildFile; fileRef = E0712A5018CDE8AE00C5488F /* CurrentWeather.m */; };
		E0712A5418CDE8AE00C5488F /* WeatherForecast.m in Sources */ = {isa = PBXBuildFile; fileRef = E0712A5218CDE8AE00C5488F /* WeatherForecast.m */; };
		E07ECEC918CDE4E8009A6DED /* Foundation.framework in Frameworks */ = {isa = PBXBuildFile; fileRef = E07ECEC818CDE4E8009A6DED /* Foundation.framework */; };
		E07ECECB18CDE4E8009A6DED /* CoreGraphics.framework in Frameworks */ = {isa = PBXBuildFile; fileRef = E07ECECA18CDE4E8009A6DED /* CoreGraphics.framework */; };
		E07ECECD18CDE4E8009A6DED /* UIKit.framework in Frameworks */ = {isa = PBXBuildFile; fileRef = E07ECECC18CDE4E8009A6DED /* UIKit.framework */; };
		E07ECED318CDE4E8009A6DED /* InfoPlist.strings in Resources */ = {isa = PBXBuildFile; fileRef = E07ECED118CDE4E8009A6DED /* InfoPlist.strings */; };
		E07ECED518CDE4E8009A6DED /* main.m in Sources */ = {isa = PBXBuildFile; fileRef = E07ECED418CDE4E8009A6DED /* main.m */; };
		E07ECED918CDE4E8009A6DED /* SWAppDelegate.m in Sources */ = {isa = PBXBuildFile; fileRef = E07ECED818CDE4E8009A6DED /* SWAppDelegate.m */; };
		E07ECEDC18CDE4E8009A6DED /* Main.storyboard in Resources */ = {isa = PBXBuildFile; fileRef = E07ECEDA18CDE4E8009A6DED /* Main.storyboard */; };
		E07ECEE118CDE4E8009A6DED /* Images.xcassets in Resources */ = {isa = PBXBuildFile; fileRef = E07ECEE018CDE4E8009A6DED /* Images.xcassets */; };
		E07ECEE818CDE4E8009A6DED /* XCTest.framework in Frameworks */ = {isa = PBXBuildFile; fileRef = E07ECEE718CDE4E8009A6DED /* XCTest.framework */; };
		E07ECEE918CDE4E8009A6DED /* Foundation.framework in Frameworks */ = {isa = PBXBuildFile; fileRef = E07ECEC818CDE4E8009A6DED /* Foundation.framework */; };
		E07ECEEA18CDE4E8009A6DED /* UIKit.framework in Frameworks */ = {isa = PBXBuildFile; fileRef = E07ECECC18CDE4E8009A6DED /* UIKit.framework */; };
		E07ECEF218CDE4E8009A6DED /* InfoPlist.strings in Resources */ = {isa = PBXBuildFile; fileRef = E07ECEF018CDE4E8009A6DED /* InfoPlist.strings */; };
		E07ECEF418CDE4E8009A6DED /* SimpleWeatherTests.m in Sources */ = {isa = PBXBuildFile; fileRef = E07ECEF318CDE4E8009A6DED /* SimpleWeatherTests.m */; };
		E0C6916118CDE5D1007D169B /* SWWeatherClient.m in Sources */ = {isa = PBXBuildFile; fileRef = E0C6916018CDE5D1007D169B /* SWWeatherClient.m */; };
		E0C6916318CDE5E2007D169B /* CoreLocation.framework in Frameworks */ = {isa = PBXBuildFile; fileRef = E0C6916218CDE5E2007D169B /* CoreLocation.framework */; };
		E0C6916518CDE5E8007D169B /* CoreData.framework in Frameworks */ = {isa = PBXBuildFile; fileRef = E0C6916418CDE5E8007D169B /* CoreData.framework */; };
		E0C6916B18CDE779007D169B /* SimpleWeatherModel.xcdatamodeld in Sources */ = {isa = PBXBuildFile; fileRef = E0C6916918CDE779007D169B /* SimpleWeatherModel.xcdatamodeld */; };
		E4CBB3A13734415BB52F07BA /* libPods-SimpleWeatherTests.a in Frameworks */ = {isa = PBXBuildFile; fileRef = 75242B112556468EA18E1234 /* libPods-SimpleWeatherTests.a */; };
/* End PBXBuildFile section */

/* Begin PBXContainerItemProxy section */
		E07ECEEB18CDE4E8009A6DED /* PBXContainerItemProxy */ = {
			isa = PBXContainerItemProxy;
			containerPortal = E07ECEBD18CDE4E8009A6DED /* Project object */;
			proxyType = 1;
			remoteGlobalIDString = E07ECEC418CDE4E8009A6DED;
			remoteInfo = SimpleWeather;
		};
/* End PBXContainerItemProxy section */

/* Begin PBXFileReference section */
		21B5503E9381495F8C3572AB /* Pods-SimpleWeatherTests.xcconfig */ = {isa = PBXFileReference; includeInIndex = 1; lastKnownFileType = text.xcconfig; name = "Pods-SimpleWeatherTests.xcconfig"; path = "Pods/Pods-SimpleWeatherTests.xcconfig"; sourceTree = "<group>"; };
		75242B112556468EA18E1234 /* libPods-SimpleWeatherTests.a */ = {isa = PBXFileReference; explicitFileType = archive.ar; includeInIndex = 0; path = "libPods-SimpleWeatherTests.a"; sourceTree = BUILT_PRODUCTS_DIR; };
		A510DA95D0084E25AE476382 /* libPods.a */ = {isa = PBXFileReference; explicitFileType = archive.ar; includeInIndex = 0; path = libPods.a; sourceTree = BUILT_PRODUCTS_DIR; };
		D8A22A7EC35B44FC8EC3F070 /* Pods.xcconfig */ = {isa = PBXFileReference; includeInIndex = 1; lastKnownFileType = text.xcconfig; name = Pods.xcconfig; path = Pods/Pods.xcconfig; sourceTree = "<group>"; };
		E0712A4918CDE8A300C5488F /* _CurrentWeather.h */ = {isa = PBXFileReference; fileEncoding = 4; lastKnownFileType = sourcecode.c.h; path = _CurrentWeather.h; sourceTree = "<group>"; };
		E0712A4A18CDE8A300C5488F /* _CurrentWeather.m */ = {isa = PBXFileReference; fileEncoding = 4; lastKnownFileType = sourcecode.c.objc; path = _CurrentWeather.m; sourceTree = "<group>"; };
		E0712A4B18CDE8A300C5488F /* _WeatherForecast.h */ = {isa = PBXFileReference; fileEncoding = 4; lastKnownFileType = sourcecode.c.h; path = _WeatherForecast.h; sourceTree = "<group>"; };
		E0712A4C18CDE8A300C5488F /* _WeatherForecast.m */ = {isa = PBXFileReference; fileEncoding = 4; lastKnownFileType = sourcecode.c.objc; path = _WeatherForecast.m; sourceTree = "<group>"; };
		E0712A4F18CDE8AE00C5488F /* CurrentWeather.h */ = {isa = PBXFileReference; fileEncoding = 4; lastKnownFileType = sourcecode.c.h; path = CurrentWeather.h; sourceTree = "<group>"; };
		E0712A5018CDE8AE00C5488F /* CurrentWeather.m */ = {isa = PBXFileReference; fileEncoding = 4; lastKnownFileType = sourcecode.c.objc; path = CurrentWeather.m; sourceTree = "<group>"; };
		E0712A5118CDE8AE00C5488F /* WeatherForecast.h */ = {isa = PBXFileReference; fileEncoding = 4; lastKnownFileType = sourcecode.c.h; path = WeatherForecast.h; sourceTree = "<group>"; };
		E0712A5218CDE8AE00C5488F /* WeatherForecast.m */ = {isa = PBXFileReference; fileEncoding = 4; lastKnownFileType = sourcecode.c.objc; path = WeatherForecast.m; sourceTree = "<group>"; };
		E07ECEC518CDE4E8009A6DED /* SimpleWeather.app */ = {isa = PBXFileReference; explicitFileType = wrapper.application; includeInIndex = 0; path = SimpleWeather.app; sourceTree = BUILT_PRODUCTS_DIR; };
		E07ECEC818CDE4E8009A6DED /* Foundation.framework */ = {isa = PBXFileReference; lastKnownFileType = wrapper.framework; name = Foundation.framework; path = System/Library/Frameworks/Foundation.framework; sourceTree = SDKROOT; };
		E07ECECA18CDE4E8009A6DED /* CoreGraphics.framework */ = {isa = PBXFileReference; lastKnownFileType = wrapper.framework; name = CoreGraphics.framework; path = System/Library/Frameworks/CoreGraphics.framework; sourceTree = SDKROOT; };
		E07ECECC18CDE4E8009A6DED /* UIKit.framework */ = {isa = PBXFileReference; lastKnownFileType = wrapper.framework; name = UIKit.framework; path = System/Library/Frameworks/UIKit.framework; sourceTree = SDKROOT; };
		E07ECED018CDE4E8009A6DED /* SimpleWeather-Info.plist */ = {isa = PBXFileReference; lastKnownFileType = text.plist.xml; path = "SimpleWeather-Info.plist"; sourceTree = "<group>"; };
		E07ECED218CDE4E8009A6DED /* en */ = {isa = PBXFileReference; lastKnownFileType = text.plist.strings; name = en; path = en.lproj/InfoPlist.strings; sourceTree = "<group>"; };
		E07ECED418CDE4E8009A6DED /* main.m */ = {isa = PBXFileReference; lastKnownFileType = sourcecode.c.objc; path = main.m; sourceTree = "<group>"; };
		E07ECED618CDE4E8009A6DED /* SimpleWeather-Prefix.pch */ = {isa = PBXFileReference; lastKnownFileType = sourcecode.c.h; path = "SimpleWeather-Prefix.pch"; sourceTree = "<group>"; };
		E07ECED718CDE4E8009A6DED /* SWAppDelegate.h */ = {isa = PBXFileReference; lastKnownFileType = sourcecode.c.h; path = SWAppDelegate.h; sourceTree = "<group>"; };
		E07ECED818CDE4E8009A6DED /* SWAppDelegate.m */ = {isa = PBXFileReference; lastKnownFileType = sourcecode.c.objc; path = SWAppDelegate.m; sourceTree = "<group>"; };
		E07ECEDB18CDE4E8009A6DED /* Base */ = {isa = PBXFileReference; lastKnownFileType = file.storyboard; name = Base; path = Base.lproj/Main.storyboard; sourceTree = "<group>"; };
		E07ECEE018CDE4E8009A6DED /* Images.xcassets */ = {isa = PBXFileReference; lastKnownFileType = folder.assetcatalog; path = Images.xcassets; sourceTree = "<group>"; };
		E07ECEE618CDE4E8009A6DED /* SimpleWeatherTests.xctest */ = {isa = PBXFileReference; explicitFileType = wrapper.cfbundle; includeInIndex = 0; path = SimpleWeatherTests.xctest; sourceTree = BUILT_PRODUCTS_DIR; };
		E07ECEE718CDE4E8009A6DED /* XCTest.framework */ = {isa = PBXFileReference; lastKnownFileType = wrapper.framework; name = XCTest.framework; path = Library/Frameworks/XCTest.framework; sourceTree = DEVELOPER_DIR; };
		E07ECEEF18CDE4E8009A6DED /* SimpleWeatherTests-Info.plist */ = {isa = PBXFileReference; lastKnownFileType = text.plist.xml; path = "SimpleWeatherTests-Info.plist"; sourceTree = "<group>"; };
		E07ECEF118CDE4E8009A6DED /* en */ = {isa = PBXFileReference; lastKnownFileType = text.plist.strings; name = en; path = en.lproj/InfoPlist.strings; sourceTree = "<group>"; };
		E07ECEF318CDE4E8009A6DED /* SimpleWeatherTests.m */ = {isa = PBXFileReference; lastKnownFileType = sourcecode.c.objc; path = SimpleWeatherTests.m; sourceTree = "<group>"; };
		E0C6915F18CDE5D1007D169B /* SWWeatherClient.h */ = {isa = PBXFileReference; fileEncoding = 4; lastKnownFileType = sourcecode.c.h; path = SWWeatherClient.h; sourceTree = "<group>"; };
		E0C6916018CDE5D1007D169B /* SWWeatherClient.m */ = {isa = PBXFileReference; fileEncoding = 4; lastKnownFileType = sourcecode.c.objc; path = SWWeatherClient.m; sourceTree = "<group>"; };
		E0C6916218CDE5E2007D169B /* CoreLocation.framework */ = {isa = PBXFileReference; lastKnownFileType = wrapper.framework; name = CoreLocation.framework; path = System/Library/Frameworks/CoreLocation.framework; sourceTree = SDKROOT; };
		E0C6916418CDE5E8007D169B /* CoreData.framework */ = {isa = PBXFileReference; lastKnownFileType = wrapper.framework; name = CoreData.framework; path = System/Library/Frameworks/CoreData.framework; sourceTree = SDKROOT; };
		E0C6916A18CDE779007D169B /* SimpleWeatherModel.xcdatamodel */ = {isa = PBXFileReference; lastKnownFileType = wrapper.xcdatamodel; path = SimpleWeatherModel.xcdatamodel; sourceTree = "<group>"; };
/* End PBXFileReference section */

/* Begin PBXFrameworksBuildPhase section */
		E07ECEC218CDE4E8009A6DED /* Frameworks */ = {
			isa = PBXFrameworksBuildPhase;
			buildActionMask = 2147483647;
			files = (
				E0C6916518CDE5E8007D169B /* CoreData.framework in Frameworks */,
				E0C6916318CDE5E2007D169B /* CoreLocation.framework in Frameworks */,
				E07ECECB18CDE4E8009A6DED /* CoreGraphics.framework in Frameworks */,
				E07ECECD18CDE4E8009A6DED /* UIKit.framework in Frameworks */,
				E07ECEC918CDE4E8009A6DED /* Foundation.framework in Frameworks */,
				24A2F35D0F3D43BDB175EE43 /* libPods.a in Frameworks */,
			);
			runOnlyForDeploymentPostprocessing = 0;
		};
		E07ECEE318CDE4E8009A6DED /* Frameworks */ = {
			isa = PBXFrameworksBuildPhase;
			buildActionMask = 2147483647;
			files = (
				E07ECEE818CDE4E8009A6DED /* XCTest.framework in Frameworks */,
				E07ECEEA18CDE4E8009A6DED /* UIKit.framework in Frameworks */,
				E07ECEE918CDE4E8009A6DED /* Foundation.framework in Frameworks */,
				E4CBB3A13734415BB52F07BA /* libPods-SimpleWeatherTests.a in Frameworks */,
			);
			runOnlyForDeploymentPostprocessing = 0;
		};
/* End PBXFrameworksBuildPhase section */

/* Begin PBXGroup section */
		E07ECEBC18CDE4E8009A6DED = {
			isa = PBXGroup;
			children = (
				E07ECECE18CDE4E8009A6DED /* SimpleWeather */,
				E07ECEED18CDE4E8009A6DED /* SimpleWeatherTests */,
				E07ECEC718CDE4E8009A6DED /* Frameworks */,
				E07ECEC618CDE4E8009A6DED /* Products */,
				D8A22A7EC35B44FC8EC3F070 /* Pods.xcconfig */,
				21B5503E9381495F8C3572AB /* Pods-SimpleWeatherTests.xcconfig */,
			);
			sourceTree = "<group>";
		};
		E07ECEC618CDE4E8009A6DED /* Products */ = {
			isa = PBXGroup;
			children = (
				E07ECEC518CDE4E8009A6DED /* SimpleWeather.app */,
				E07ECEE618CDE4E8009A6DED /* SimpleWeatherTests.xctest */,
			);
			name = Products;
			sourceTree = "<group>";
		};
		E07ECEC718CDE4E8009A6DED /* Frameworks */ = {
			isa = PBXGroup;
			children = (
				E0C6916418CDE5E8007D169B /* CoreData.framework */,
				E0C6916218CDE5E2007D169B /* CoreLocation.framework */,
				E07ECEC818CDE4E8009A6DED /* Foundation.framework */,
				E07ECECA18CDE4E8009A6DED /* CoreGraphics.framework */,
				E07ECECC18CDE4E8009A6DED /* UIKit.framework */,
				E07ECEE718CDE4E8009A6DED /* XCTest.framework */,
				A510DA95D0084E25AE476382 /* libPods.a */,
				75242B112556468EA18E1234 /* libPods-SimpleWeatherTests.a */,
			);
			name = Frameworks;
			sourceTree = "<group>";
		};
		E07ECECE18CDE4E8009A6DED /* SimpleWeather */ = {
			isa = PBXGroup;
			children = (
				E07ECED718CDE4E8009A6DED /* SWAppDelegate.h */,
				E07ECED818CDE4E8009A6DED /* SWAppDelegate.m */,
				E0C6916618CDE72C007D169B /* UI */,
				E0C6916818CDE748007D169B /* Model */,
				E0C6916718CDE73D007D169B /* ViewController */,
				E0C6915E18CDE596007D169B /* Network */,
				E07ECEE018CDE4E8009A6DED /* Images.xcassets */,
				E07ECECF18CDE4E8009A6DED /* Supporting Files */,
			);
			path = SimpleWeather;
			sourceTree = "<group>";
		};
		E07ECECF18CDE4E8009A6DED /* Supporting Files */ = {
			isa = PBXGroup;
			children = (
				E07ECED018CDE4E8009A6DED /* SimpleWeather-Info.plist */,
				E07ECED118CDE4E8009A6DED /* InfoPlist.strings */,
				E07ECED418CDE4E8009A6DED /* main.m */,
				E07ECED618CDE4E8009A6DED /* SimpleWeather-Prefix.pch */,
			);
			name = "Supporting Files";
			sourceTree = "<group>";
		};
		E07ECEED18CDE4E8009A6DED /* SimpleWeatherTests */ = {
			isa = PBXGroup;
			children = (
				E07ECEF318CDE4E8009A6DED /* SimpleWeatherTests.m */,
				E07ECEEE18CDE4E8009A6DED /* Supporting Files */,
			);
			path = SimpleWeatherTests;
			sourceTree = "<group>";
		};
		E07ECEEE18CDE4E8009A6DED /* Supporting Files */ = {
			isa = PBXGroup;
			children = (
				E07ECEEF18CDE4E8009A6DED /* SimpleWeatherTests-Info.plist */,
				E07ECEF018CDE4E8009A6DED /* InfoPlist.strings */,
			);
			name = "Supporting Files";
			sourceTree = "<group>";
		};
		E0C6915E18CDE596007D169B /* Network */ = {
			isa = PBXGroup;
			children = (
				E0C6915F18CDE5D1007D169B /* SWWeatherClient.h */,
				E0C6916018CDE5D1007D169B /* SWWeatherClient.m */,
			);
			path = Network;
			sourceTree = "<group>";
		};
		E0C6916618CDE72C007D169B /* UI */ = {
			isa = PBXGroup;
			children = (
				E07ECEDA18CDE4E8009A6DED /* Main.storyboard */,
			);
			path = UI;
			sourceTree = "<group>";
		};
		E0C6916718CDE73D007D169B /* ViewController */ = {
			isa = PBXGroup;
			children = (
			);
			path = ViewController;
			sourceTree = "<group>";
		};
		E0C6916818CDE748007D169B /* Model */ = {
			isa = PBXGroup;
			children = (
				E0C6916918CDE779007D169B /* SimpleWeatherModel.xcdatamodeld */,
				E0712A4F18CDE8AE00C5488F /* CurrentWeather.h */,
				E0712A5018CDE8AE00C5488F /* CurrentWeather.m */,
				E0712A5118CDE8AE00C5488F /* WeatherForecast.h */,
				E0712A5218CDE8AE00C5488F /* WeatherForecast.m */,
				E0C6916D18CDE7E5007D169B /* _machine */,
			);
			path = Model;
			sourceTree = "<group>";
		};
		E0C6916D18CDE7E5007D169B /* _machine */ = {
			isa = PBXGroup;
			children = (
				E0712A4918CDE8A300C5488F /* _CurrentWeather.h */,
				E0712A4A18CDE8A300C5488F /* _CurrentWeather.m */,
				E0712A4B18CDE8A300C5488F /* _WeatherForecast.h */,
				E0712A4C18CDE8A300C5488F /* _WeatherForecast.m */,
			);
			path = _machine;
			sourceTree = "<group>";
		};
/* End PBXGroup section */

/* Begin PBXNativeTarget section */
		E07ECEC418CDE4E8009A6DED /* SimpleWeather */ = {
			isa = PBXNativeTarget;
			buildConfigurationList = E07ECEF718CDE4E8009A6DED /* Build configuration list for PBXNativeTarget "SimpleWeather" */;
			buildPhases = (
				31E3CC9EB8CD4AF08400FD81 /* Check Pods Manifest.lock */,
				E07ECEC118CDE4E8009A6DED /* Sources */,
				E07ECEC218CDE4E8009A6DED /* Frameworks */,
				E07ECEC318CDE4E8009A6DED /* Resources */,
				F31AEA84EB6B4ED1BF56B850 /* Copy Pods Resources */,
			);
			buildRules = (
			);
			dependencies = (
			);
			name = SimpleWeather;
			productName = SimpleWeather;
			productReference = E07ECEC518CDE4E8009A6DED /* SimpleWeather.app */;
			productType = "com.apple.product-type.application";
		};
		E07ECEE518CDE4E8009A6DED /* SimpleWeatherTests */ = {
			isa = PBXNativeTarget;
			buildConfigurationList = E07ECEFA18CDE4E8009A6DED /* Build configuration list for PBXNativeTarget "SimpleWeatherTests" */;
			buildPhases = (
				F2BE234392404174BC991B37 /* Check Pods Manifest.lock */,
				E07ECEE218CDE4E8009A6DED /* Sources */,
				E07ECEE318CDE4E8009A6DED /* Frameworks */,
				E07ECEE418CDE4E8009A6DED /* Resources */,
				6CF2C8806C2D48F980AE75C7 /* Copy Pods Resources */,
			);
			buildRules = (
			);
			dependencies = (
				E07ECEEC18CDE4E8009A6DED /* PBXTargetDependency */,
			);
			name = SimpleWeatherTests;
			productName = SimpleWeatherTests;
			productReference = E07ECEE618CDE4E8009A6DED /* SimpleWeatherTests.xctest */;
			productType = "com.apple.product-type.bundle.unit-test";
		};
/* End PBXNativeTarget section */

/* Begin PBXProject section */
		E07ECEBD18CDE4E8009A6DED /* Project object */ = {
			isa = PBXProject;
			attributes = {
				CLASSPREFIX = SW;
				LastUpgradeCheck = 0500;
				ORGANIZATIONNAME = MarkStruzinski;
				TargetAttributes = {
					E07ECEE518CDE4E8009A6DED = {
						TestTargetID = E07ECEC418CDE4E8009A6DED;
					};
				};
			};
			buildConfigurationList = E07ECEC018CDE4E8009A6DED /* Build configuration list for PBXProject "SimpleWeather" */;
			compatibilityVersion = "Xcode 3.2";
			developmentRegion = English;
			hasScannedForEncodings = 0;
			knownRegions = (
				en,
				Base,
			);
			mainGroup = E07ECEBC18CDE4E8009A6DED;
			productRefGroup = E07ECEC618CDE4E8009A6DED /* Products */;
			projectDirPath = "";
			projectRoot = "";
			targets = (
				E07ECEC418CDE4E8009A6DED /* SimpleWeather */,
				E07ECEE518CDE4E8009A6DED /* SimpleWeatherTests */,
				E0C6917218CDE822007D169B /* Mogenerator */,
			);
		};
/* End PBXProject section */

/* Begin PBXResourcesBuildPhase section */
		E07ECEC318CDE4E8009A6DED /* Resources */ = {
			isa = PBXResourcesBuildPhase;
			buildActionMask = 2147483647;
			files = (
				E07ECEE118CDE4E8009A6DED /* Images.xcassets in Resources */,
				E07ECED318CDE4E8009A6DED /* InfoPlist.strings in Resources */,
				E07ECEDC18CDE4E8009A6DED /* Main.storyboard in Resources */,
			);
			runOnlyForDeploymentPostprocessing = 0;
		};
		E07ECEE418CDE4E8009A6DED /* Resources */ = {
			isa = PBXResourcesBuildPhase;
			buildActionMask = 2147483647;
			files = (
				E07ECEF218CDE4E8009A6DED /* InfoPlist.strings in Resources */,
			);
			runOnlyForDeploymentPostprocessing = 0;
		};
/* End PBXResourcesBuildPhase section */

/* Begin PBXShellScriptBuildPhase section */
		31E3CC9EB8CD4AF08400FD81 /* Check Pods Manifest.lock */ = {
			isa = PBXShellScriptBuildPhase;
			buildActionMask = 2147483647;
			files = (
			);
			inputPaths = (
			);
			name = "Check Pods Manifest.lock";
			outputPaths = (
			);
			runOnlyForDeploymentPostprocessing = 0;
			shellPath = /bin/sh;
			shellScript = "diff \"${PODS_ROOT}/../Podfile.lock\" \"${PODS_ROOT}/Manifest.lock\" > /dev/null\nif [[ $? != 0 ]] ; then\n    cat << EOM\nerror: The sandbox is not in sync with the Podfile.lock. Run 'pod install' or update your CocoaPods installation.\nEOM\n    exit 1\nfi\n";
			showEnvVarsInLog = 0;
		};
		6CF2C8806C2D48F980AE75C7 /* Copy Pods Resources */ = {
			isa = PBXShellScriptBuildPhase;
			buildActionMask = 2147483647;
			files = (
			);
			inputPaths = (
			);
			name = "Copy Pods Resources";
			outputPaths = (
			);
			runOnlyForDeploymentPostprocessing = 0;
			shellPath = /bin/sh;
			shellScript = "\"${SRCROOT}/Pods/Pods-SimpleWeatherTests-resources.sh\"\n";
			showEnvVarsInLog = 0;
		};
		E0C6917618CDE834007D169B /* Mogenerator */ = {
			isa = PBXShellScriptBuildPhase;
			buildActionMask = 2147483647;
			files = (
			);
			inputPaths = (
			);
			name = Mogenerator;
			outputPaths = (
			);
			runOnlyForDeploymentPostprocessing = 0;
			shellPath = /bin/sh;
			shellScript = "cd SimpleWeather\nmogenerator -m Model/SimpleWeatherModel.xcdatamodeld/SimpleWeatherModel.xcdatamodel/ --template-var arc=true --machine-dir Model/_machine --human-dir Model/";
		};
		F2BE234392404174BC991B37 /* Check Pods Manifest.lock */ = {
			isa = PBXShellScriptBuildPhase;
			buildActionMask = 2147483647;
			files = (
			);
			inputPaths = (
			);
			name = "Check Pods Manifest.lock";
			outputPaths = (
			);
			runOnlyForDeploymentPostprocessing = 0;
			shellPath = /bin/sh;
			shellScript = "diff \"${PODS_ROOT}/../Podfile.lock\" \"${PODS_ROOT}/Manifest.lock\" > /dev/null\nif [[ $? != 0 ]] ; then\n    cat << EOM\nerror: The sandbox is not in sync with the Podfile.lock. Run 'pod install' or update your CocoaPods installation.\nEOM\n    exit 1\nfi\n";
			showEnvVarsInLog = 0;
		};
		F31AEA84EB6B4ED1BF56B850 /* Copy Pods Resources */ = {
			isa = PBXShellScriptBuildPhase;
			buildActionMask = 2147483647;
			files = (
			);
			inputPaths = (
			);
			name = "Copy Pods Resources";
			outputPaths = (
			);
			runOnlyForDeploymentPostprocessing = 0;
			shellPath = /bin/sh;
			shellScript = "\"${SRCROOT}/Pods/Pods-resources.sh\"\n";
			showEnvVarsInLog = 0;
		};
/* End PBXShellScriptBuildPhase section */

/* Begin PBXSourcesBuildPhase section */
		E07ECEC118CDE4E8009A6DED /* Sources */ = {
			isa = PBXSourcesBuildPhase;
			buildActionMask = 2147483647;
			files = (
				E0C6916118CDE5D1007D169B /* SWWeatherClient.m in Sources */,
				E07ECED918CDE4E8009A6DED /* SWAppDelegate.m in Sources */,
				E0C6916B18CDE779007D169B /* SimpleWeatherModel.xcdatamodeld in Sources */,
				E0712A5418CDE8AE00C5488F /* WeatherForecast.m in Sources */,
				E0712A5318CDE8AE00C5488F /* CurrentWeather.m in Sources */,
				E0712A4E18CDE8A300C5488F /* _WeatherForecast.m in Sources */,
				E0712A4D18CDE8A300C5488F /* _CurrentWeather.m in Sources */,
				E07ECED518CDE4E8009A6DED /* main.m in Sources */,
			);
			runOnlyForDeploymentPostprocessing = 0;
		};
		E07ECEE218CDE4E8009A6DED /* Sources */ = {
			isa = PBXSourcesBuildPhase;
			buildActionMask = 2147483647;
			files = (
				E07ECEF418CDE4E8009A6DED /* SimpleWeatherTests.m in Sources */,
			);
			runOnlyForDeploymentPostprocessing = 0;
		};
/* End PBXSourcesBuildPhase section */

/* Begin PBXTargetDependency section */
		E07ECEEC18CDE4E8009A6DED /* PBXTargetDependency */ = {
			isa = PBXTargetDependency;
			target = E07ECEC418CDE4E8009A6DED /* SimpleWeather */;
			targetProxy = E07ECEEB18CDE4E8009A6DED /* PBXContainerItemProxy */;
		};
/* End PBXTargetDependency section */

/* Begin PBXVariantGroup section */
		E07ECED118CDE4E8009A6DED /* InfoPlist.strings */ = {
			isa = PBXVariantGroup;
			children = (
				E07ECED218CDE4E8009A6DED /* en */,
			);
			name = InfoPlist.strings;
			sourceTree = "<group>";
		};
		E07ECEDA18CDE4E8009A6DED /* Main.storyboard */ = {
			isa = PBXVariantGroup;
			children = (
				E07ECEDB18CDE4E8009A6DED /* Base */,
			);
			name = Main.storyboard;
			path = ..;
			sourceTree = "<group>";
		};
		E07ECEF018CDE4E8009A6DED /* InfoPlist.strings */ = {
			isa = PBXVariantGroup;
			children = (
				E07ECEF118CDE4E8009A6DED /* en */,
			);
			name = InfoPlist.strings;
			sourceTree = "<group>";
		};
/* End PBXVariantGroup section */

/* Begin XCBuildConfiguration section */
		E07ECEF518CDE4E8009A6DED /* Debug */ = {
			isa = XCBuildConfiguration;
			buildSettings = {
				ALWAYS_SEARCH_USER_PATHS = NO;
				ARCHS = "$(ARCHS_STANDARD_INCLUDING_64_BIT)";
				CLANG_CXX_LANGUAGE_STANDARD = "gnu++0x";
				CLANG_CXX_LIBRARY = "libc++";
				CLANG_ENABLE_MODULES = YES;
				CLANG_ENABLE_OBJC_ARC = YES;
				CLANG_WARN_BOOL_CONVERSION = YES;
				CLANG_WARN_CONSTANT_CONVERSION = YES;
				CLANG_WARN_DIRECT_OBJC_ISA_USAGE = YES_ERROR;
				CLANG_WARN_EMPTY_BODY = YES;
				CLANG_WARN_ENUM_CONVERSION = YES;
				CLANG_WARN_INT_CONVERSION = YES;
				CLANG_WARN_OBJC_ROOT_CLASS = YES_ERROR;
				CLANG_WARN__DUPLICATE_METHOD_MATCH = YES;
				"CODE_SIGN_IDENTITY[sdk=iphoneos*]" = "iPhone Developer";
				COPY_PHASE_STRIP = NO;
				GCC_C_LANGUAGE_STANDARD = gnu99;
				GCC_DYNAMIC_NO_PIC = NO;
				GCC_OPTIMIZATION_LEVEL = 0;
				GCC_PREPROCESSOR_DEFINITIONS = (
					"DEBUG=1",
					"$(inherited)",
				);
				GCC_SYMBOLS_PRIVATE_EXTERN = NO;
				GCC_WARN_64_TO_32_BIT_CONVERSION = YES;
				GCC_WARN_ABOUT_RETURN_TYPE = YES_ERROR;
				GCC_WARN_UNDECLARED_SELECTOR = YES;
				GCC_WARN_UNINITIALIZED_AUTOS = YES;
				GCC_WARN_UNUSED_FUNCTION = YES;
				GCC_WARN_UNUSED_VARIABLE = YES;
				IPHONEOS_DEPLOYMENT_TARGET = 7.0;
				ONLY_ACTIVE_ARCH = YES;
				SDKROOT = iphoneos;
			};
			name = Debug;
		};
		E07ECEF618CDE4E8009A6DED /* Release */ = {
			isa = XCBuildConfiguration;
			buildSettings = {
				ALWAYS_SEARCH_USER_PATHS = NO;
				ARCHS = "$(ARCHS_STANDARD_INCLUDING_64_BIT)";
				CLANG_CXX_LANGUAGE_STANDARD = "gnu++0x";
				CLANG_CXX_LIBRARY = "libc++";
				CLANG_ENABLE_MODULES = YES;
				CLANG_ENABLE_OBJC_ARC = YES;
				CLANG_WARN_BOOL_CONVERSION = YES;
				CLANG_WARN_CONSTANT_CONVERSION = YES;
				CLANG_WARN_DIRECT_OBJC_ISA_USAGE = YES_ERROR;
				CLANG_WARN_EMPTY_BODY = YES;
				CLANG_WARN_ENUM_CONVERSION = YES;
				CLANG_WARN_INT_CONVERSION = YES;
				CLANG_WARN_OBJC_ROOT_CLASS = YES_ERROR;
				CLANG_WARN__DUPLICATE_METHOD_MATCH = YES;
				"CODE_SIGN_IDENTITY[sdk=iphoneos*]" = "iPhone Developer";
				COPY_PHASE_STRIP = YES;
				ENABLE_NS_ASSERTIONS = NO;
				GCC_C_LANGUAGE_STANDARD = gnu99;
				GCC_WARN_64_TO_32_BIT_CONVERSION = YES;
				GCC_WARN_ABOUT_RETURN_TYPE = YES_ERROR;
				GCC_WARN_UNDECLARED_SELECTOR = YES;
				GCC_WARN_UNINITIALIZED_AUTOS = YES;
				GCC_WARN_UNUSED_FUNCTION = YES;
				GCC_WARN_UNUSED_VARIABLE = YES;
				IPHONEOS_DEPLOYMENT_TARGET = 7.0;
				SDKROOT = iphoneos;
				VALIDATE_PRODUCT = YES;
			};
			name = Release;
		};
		E07ECEF818CDE4E8009A6DED /* Debug */ = {
			isa = XCBuildConfiguration;
			baseConfigurationReference = D8A22A7EC35B44FC8EC3F070 /* Pods.xcconfig */;
			buildSettings = {
				ASSETCATALOG_COMPILER_APPICON_NAME = AppIcon;
				ASSETCATALOG_COMPILER_LAUNCHIMAGE_NAME = LaunchImage;
				GCC_PRECOMPILE_PREFIX_HEADER = YES;
				GCC_PREFIX_HEADER = "SimpleWeather/SimpleWeather-Prefix.pch";
				INFOPLIST_FILE = "SimpleWeather/SimpleWeather-Info.plist";
				PRODUCT_NAME = "$(TARGET_NAME)";
				WRAPPER_EXTENSION = app;
			};
			name = Debug;
		};
		E07ECEF918CDE4E8009A6DED /* Release */ = {
			isa = XCBuildConfiguration;
			baseConfigurationReference = D8A22A7EC35B44FC8EC3F070 /* Pods.xcconfig */;
			buildSettings = {
				ASSETCATALOG_COMPILER_APPICON_NAME = AppIcon;
				ASSETCATALOG_COMPILER_LAUNCHIMAGE_NAME = LaunchImage;
				GCC_PRECOMPILE_PREFIX_HEADER = YES;
				GCC_PREFIX_HEADER = "SimpleWeather/SimpleWeather-Prefix.pch";
				INFOPLIST_FILE = "SimpleWeather/SimpleWeather-Info.plist";
				PRODUCT_NAME = "$(TARGET_NAME)";
				WRAPPER_EXTENSION = app;
			};
			name = Release;
		};
		E07ECEFB18CDE4E8009A6DED /* Debug */ = {
			isa = XCBuildConfiguration;
			baseConfigurationReference = 21B5503E9381495F8C3572AB /* Pods-SimpleWeatherTests.xcconfig */;
			buildSettings = {
				ARCHS = "$(ARCHS_STANDARD_INCLUDING_64_BIT)";
				BUNDLE_LOADER = "$(BUILT_PRODUCTS_DIR)/SimpleWeather.app/SimpleWeather";
				FRAMEWORK_SEARCH_PATHS = (
					"$(SDKROOT)/Developer/Library/Frameworks",
					"$(inherited)",
					"$(DEVELOPER_FRAMEWORKS_DIR)",
				);
				GCC_PRECOMPILE_PREFIX_HEADER = YES;
				GCC_PREFIX_HEADER = "SimpleWeather/SimpleWeather-Prefix.pch";
				GCC_PREPROCESSOR_DEFINITIONS = (
					"DEBUG=1",
					"$(inherited)",
				);
				INFOPLIST_FILE = "SimpleWeatherTests/SimpleWeatherTests-Info.plist";
				PRODUCT_NAME = "$(TARGET_NAME)";
				TEST_HOST = "$(BUNDLE_LOADER)";
				WRAPPER_EXTENSION = xctest;
			};
			name = Debug;
		};
		E07ECEFC18CDE4E8009A6DED /* Release */ = {
			isa = XCBuildConfiguration;
			baseConfigurationReference = 21B5503E9381495F8C3572AB /* Pods-SimpleWeatherTests.xcconfig */;
			buildSettings = {
				ARCHS = "$(ARCHS_STANDARD_INCLUDING_64_BIT)";
				BUNDLE_LOADER = "$(BUILT_PRODUCTS_DIR)/SimpleWeather.app/SimpleWeather";
				FRAMEWORK_SEARCH_PATHS = (
					"$(SDKROOT)/Developer/Library/Frameworks",
					"$(inherited)",
					"$(DEVELOPER_FRAMEWORKS_DIR)",
				);
				GCC_PRECOMPILE_PREFIX_HEADER = YES;
				GCC_PREFIX_HEADER = "SimpleWeather/SimpleWeather-Prefix.pch";
				INFOPLIST_FILE = "SimpleWeatherTests/SimpleWeatherTests-Info.plist";
				PRODUCT_NAME = "$(TARGET_NAME)";
				TEST_HOST = "$(BUNDLE_LOADER)";
				WRAPPER_EXTENSION = xctest;
			};
			name = Release;
		};
		E0C6917418CDE822007D169B /* Debug */ = {
			isa = XCBuildConfiguration;
			buildSettings = {
				PRODUCT_NAME = "$(TARGET_NAME)";
			};
			name = Debug;
		};
		E0C6917518CDE822007D169B /* Release */ = {
			isa = XCBuildConfiguration;
			buildSettings = {
				PRODUCT_NAME = "$(TARGET_NAME)";
			};
			name = Release;
		};
/* End XCBuildConfiguration section */

/* Begin XCConfigurationList section */
		E07ECEC018CDE4E8009A6DED /* Build configuration list for PBXProject "SimpleWeather" */ = {
			isa = XCConfigurationList;
			buildConfigurations = (
				E07ECEF518CDE4E8009A6DED /* Debug */,
				E07ECEF618CDE4E8009A6DED /* Release */,
			);
			defaultConfigurationIsVisible = 0;
			defaultConfigurationName = Release;
		};
		E07ECEF718CDE4E8009A6DED /* Build configuration list for PBXNativeTarget "SimpleWeather" */ = {
			isa = XCConfigurationList;
			buildConfigurations = (
				E07ECEF818CDE4E8009A6DED /* Debug */,
				E07ECEF918CDE4E8009A6DED /* Release */,
			);
			defaultConfigurationIsVisible = 0;
			defaultConfigurationName = Release;
		};
		E07ECEFA18CDE4E8009A6DED /* Build configuration list for PBXNativeTarget "SimpleWeatherTests" */ = {
			isa = XCConfigurationList;
			buildConfigurations = (
				E07ECEFB18CDE4E8009A6DED /* Debug */,
				E07ECEFC18CDE4E8009A6DED /* Release */,
			);
			defaultConfigurationIsVisible = 0;
			defaultConfigurationName = Release;
		};
		E0C6917318CDE822007D169B /* Build configuration list for PBXAggregateTarget "Mogenerator" */ = {
			isa = XCConfigurationList;
			buildConfigurations = (
				E0C6917418CDE822007D169B /* Debug */,
				E0C6917518CDE822007D169B /* Release */,
			);
			defaultConfigurationIsVisible = 0;
			defaultConfigurationName = Release;
		};
/* End XCConfigurationList section */

/* Begin XCVersionGroup section */
		E0C6916918CDE779007D169B /* SimpleWeatherModel.xcdatamodeld */ = {
			isa = XCVersionGroup;
			children = (
				E0C6916A18CDE779007D169B /* SimpleWeatherModel.xcdatamodel */,
			);
			currentVersion = E0C6916A18CDE779007D169B /* SimpleWeatherModel.xcdatamodel */;
			path = SimpleWeatherModel.xcdatamodeld;
			sourceTree = "<group>";
			versionGroupType = wrapper.xcdatamodel;
		};
/* End XCVersionGroup section */
	};
	rootObject = E07ECEBD18CDE4E8009A6DED /* Project object */;
}
